// !$*UTF8*$!
{
	archiveVersion = 1;
	classes = {
	};
	objectVersion = 46;
	objects = {

/* Begin PBXBuildFile section */
		235EAB681A3847700058395D /* AppDelegate.swift in Sources */ = {isa = PBXBuildFile; fileRef = 235EAB671A3847700058395D /* AppDelegate.swift */; };
		235EAB6A1A3847700058395D /* ViewController.swift in Sources */ = {isa = PBXBuildFile; fileRef = 235EAB691A3847700058395D /* ViewController.swift */; };
		235EAB6D1A3847700058395D /* Main.storyboard in Resources */ = {isa = PBXBuildFile; fileRef = 235EAB6B1A3847700058395D /* Main.storyboard */; };
		235EAB6F1A3847700058395D /* Images.xcassets in Resources */ = {isa = PBXBuildFile; fileRef = 235EAB6E1A3847700058395D /* Images.xcassets */; };
		235EAB721A3847700058395D /* LaunchScreen.xib in Resources */ = {isa = PBXBuildFile; fileRef = 235EAB701A3847700058395D /* LaunchScreen.xib */; };
		235EAB7E1A3847700058395D /* cs10Tests.swift in Sources */ = {isa = PBXBuildFile; fileRef = 235EAB7D1A3847700058395D /* cs10Tests.swift */; };
/* End PBXBuildFile section */

/* Begin PBXContainerItemProxy section */
		235EAB781A3847700058395D /* PBXContainerItemProxy */ = {
			isa = PBXContainerItemProxy;
			containerPortal = 235EAB5A1A3847700058395D /* Project object */;
			proxyType = 1;
			remoteGlobalIDString = 235EAB611A3847700058395D;
			remoteInfo = cs10;
		};
/* End PBXContainerItemProxy section */

/* Begin PBXFileReference section */
		235EAB621A3847700058395D /* cs10.app */ = {isa = PBXFileReference; explicitFileType = wrapper.application; includeInIndex = 0; path = cs10.app; sourceTree = BUILT_PRODUCTS_DIR; };
		235EAB661A3847700058395D /* Info.plist */ = {isa = PBXFileReference; lastKnownFileType = text.plist.xml; path = Info.plist; sourceTree = "<group>"; };
		235EAB671A3847700058395D /* AppDelegate.swift */ = {isa = PBXFileReference; lastKnownFileType = sourcecode.swift; path = AppDelegate.swift; sourceTree = "<group>"; };
		235EAB691A3847700058395D /* ViewController.swift */ = {isa = PBXFileReference; lastKnownFileType = sourcecode.swift; path = ViewController.swift; sourceTree = "<group>"; };
		235EAB6C1A3847700058395D /* Base */ = {isa = PBXFileReference; lastKnownFileType = file.storyboard; name = Base; path = Base.lproj/Main.storyboard; sourceTree = "<group>"; };
		235EAB6E1A3847700058395D /* Images.xcassets */ = {isa = PBXFileReference; lastKnownFileType = folder.assetcatalog; path = Images.xcassets; sourceTree = "<group>"; };
		235EAB711A3847700058395D /* Base */ = {isa = PBXFileReference; lastKnownFileType = file.xib; name = Base; path = Base.lproj/LaunchScreen.xib; sourceTree = "<group>"; };
		235EAB771A3847700058395D /* cs10Tests.xctest */ = {isa = PBXFileReference; explicitFileType = wrapper.cfbundle; includeInIndex = 0; path = cs10Tests.xctest; sourceTree = BUILT_PRODUCTS_DIR; };
		235EAB7C1A3847700058395D /* Info.plist */ = {isa = PBXFileReference; lastKnownFileType = text.plist.xml; path = Info.plist; sourceTree = "<group>"; };
		235EAB7D1A3847700058395D /* cs10Tests.swift */ = {isa = PBXFileReference; lastKnownFileType = sourcecode.swift; path = cs10Tests.swift; sourceTree = "<group>"; };
/* End PBXFileReference section */

/* Begin PBXFrameworksBuildPhase section */
		235EAB5F1A3847700058395D /* Frameworks */ = {
			isa = PBXFrameworksBuildPhase;
			buildActionMask = 2147483647;
			files = (
			);
			runOnlyForDeploymentPostprocessing = 0;
		};
		235EAB741A3847700058395D /* Frameworks */ = {
			isa = PBXFrameworksBuildPhase;
			buildActionMask = 2147483647;
			files = (
			);
			runOnlyForDeploymentPostprocessing = 0;
		};
/* End PBXFrameworksBuildPhase section */

/* Begin PBXGroup section */
		235EAB591A3847700058395D = {
			isa = PBXGroup;
			children = (
				235EAB641A3847700058395D /* cs10 */,
				235EAB7A1A3847700058395D /* cs10Tests */,
				235EAB631A3847700058395D /* Products */,
			);
			sourceTree = "<group>";
		};
		235EAB631A3847700058395D /* Products */ = {
			isa = PBXGroup;
			children = (
				235EAB621A3847700058395D /* cs10.app */,
				235EAB771A3847700058395D /* cs10Tests.xctest */,
			);
			name = Products;
			sourceTree = "<group>";
		};
		235EAB641A3847700058395D /* cs10 */ = {
			isa = PBXGroup;
			children = (
				235EAB671A3847700058395D /* AppDelegate.swift */,
				235EAB691A3847700058395D /* ViewController.swift */,
				235EAB6B1A3847700058395D /* Main.storyboard */,
				235EAB6E1A3847700058395D /* Images.xcassets */,
				235EAB701A3847700058395D /* LaunchScreen.xib */,
				235EAB651A3847700058395D /* Supporting Files */,
			);
			path = cs10;
			sourceTree = "<group>";
		};
		235EAB651A3847700058395D /* Supporting Files */ = {
			isa = PBXGroup;
			children = (
				235EAB661A3847700058395D /* Info.plist */,
			);
			name = "Supporting Files";
			sourceTree = "<group>";
		};
		235EAB7A1A3847700058395D /* cs10Tests */ = {
			isa = PBXGroup;
			children = (
				235EAB7D1A3847700058395D /* cs10Tests.swift */,
				235EAB7B1A3847700058395D /* Supporting Files */,
			);
			path = cs10Tests;
			sourceTree = "<group>";
		};
		235EAB7B1A3847700058395D /* Supporting Files */ = {
			isa = PBXGroup;
			children = (
				235EAB7C1A3847700058395D /* Info.plist */,
			);
			name = "Supporting Files";
			sourceTree = "<group>";
		};
/* End PBXGroup section */

/* Begin PBXNativeTarget section */
		235EAB611A3847700058395D /* cs10 */ = {
			isa = PBXNativeTarget;
			buildConfigurationList = 235EAB811A3847700058395D /* Build configuration list for PBXNativeTarget "cs10" */;
			buildPhases = (
				235EAB5E1A3847700058395D /* Sources */,
				235EAB5F1A3847700058395D /* Frameworks */,
				235EAB601A3847700058395D /* Resources */,
			);
			buildRules = (
			);
			dependencies = (
			);
			name = cs10;
			productName = cs10;
			productReference = 235EAB621A3847700058395D /* cs10.app */;
			productType = "com.apple.product-type.application";
		};
		235EAB761A3847700058395D /* cs10Tests */ = {
			isa = PBXNativeTarget;
			buildConfigurationList = 235EAB841A3847700058395D /* Build configuration list for PBXNativeTarget "cs10Tests" */;
			buildPhases = (
				235EAB731A3847700058395D /* Sources */,
				235EAB741A3847700058395D /* Frameworks */,
				235EAB751A3847700058395D /* Resources */,
			);
			buildRules = (
			);
			dependencies = (
				235EAB791A3847700058395D /* PBXTargetDependency */,
			);
			name = cs10Tests;
			productName = cs10Tests;
			productReference = 235EAB771A3847700058395D /* cs10Tests.xctest */;
			productType = "com.apple.product-type.bundle.unit-test";
		};
/* End PBXNativeTarget section */

/* Begin PBXProject section */
		235EAB5A1A3847700058395D /* Project object */ = {
			isa = PBXProject;
			attributes = {
				LastUpgradeCheck = 0610;
				ORGANIZATIONNAME = hdr;
				TargetAttributes = {
					235EAB611A3847700058395D = {
						CreatedOnToolsVersion = 6.1.1;
					};
					235EAB761A3847700058395D = {
						CreatedOnToolsVersion = 6.1.1;
						TestTargetID = 235EAB611A3847700058395D;
					};
				};
			};
			buildConfigurationList = 235EAB5D1A3847700058395D /* Build configuration list for PBXProject "cs10" */;
			compatibilityVersion = "Xcode 3.2";
			developmentRegion = English;
			hasScannedForEncodings = 0;
			knownRegions = (
				en,
				Base,
			);
			mainGroup = 235EAB591A3847700058395D;
			productRefGroup = 235EAB631A3847700058395D /* Products */;
			projectDirPath = "";
			projectRoot = "";
			targets = (
				235EAB611A3847700058395D /* cs10 */,
				235EAB761A3847700058395D /* cs10Tests */,
			);
		};
/* End PBXProject section */

/* Begin PBXResourcesBuildPhase section */
		235EAB601A3847700058395D /* Resources */ = {
			isa = PBXResourcesBuildPhase;
			buildActionMask = 2147483647;
			files = (
				235EAB6D1A3847700058395D /* Main.storyboard in Resources */,
				235EAB721A3847700058395D /* LaunchScreen.xib in Resources */,
				235EAB6F1A3847700058395D /* Images.xcassets in Resources */,
			);
			runOnlyForDeploymentPostprocessing = 0;
		};
		235EAB751A3847700058395D /* Resources */ = {
			isa = PBXResourcesBuildPhase;
			buildActionMask = 2147483647;
			files = (
			);
			runOnlyForDeploymentPostprocessing = 0;
		};
/* End PBXResourcesBuildPhase section */

/* Begin PBXSourcesBuildPhase section */
		235EAB5E1A3847700058395D /* Sources */ = {
			isa = PBXSourcesBuildPhase;
			buildActionMask = 2147483647;
			files = (
				235EAB6A1A3847700058395D /* ViewController.swift in Sources */,
				235EAB681A3847700058395D /* AppDelegate.swift in Sources */,
			);
			runOnlyForDeploymentPostprocessing = 0;
		};
		235EAB731A3847700058395D /* Sources */ = {
			isa = PBXSourcesBuildPhase;
			buildActionMask = 2147483647;
			files = (
				235EAB7E1A3847700058395D /* cs10Tests.swift in Sources */,
			);
			runOnlyForDeploymentPostprocessing = 0;
		};
/* End PBXSourcesBuildPhase section */

/* Begin PBXTargetDependency section */
		235EAB791A3847700058395D /* PBXTargetDependency */ = {
			isa = PBXTargetDependency;
			target = 235EAB611A3847700058395D /* cs10 */;
			targetProxy = 235EAB781A3847700058395D /* PBXContainerItemProxy */;
		};
/* End PBXTargetDependency section */

/* Begin PBXVariantGroup section */
		235EAB6B1A3847700058395D /* Main.storyboard */ = {
			isa = PBXVariantGroup;
			children = (
				235EAB6C1A3847700058395D /* Base */,
			);
			name = Main.storyboard;
			sourceTree = "<group>";
		};
		235EAB701A3847700058395D /* LaunchScreen.xib */ = {
			isa = PBXVariantGroup;
			children = (
				235EAB711A3847700058395D /* Base */,
			);
			name = LaunchScreen.xib;
			sourceTree = "<group>";
		};
/* End PBXVariantGroup section */

/* Begin XCBuildConfiguration section */
		235EAB7F1A3847700058395D /* Debug */ = {
			isa = XCBuildConfiguration;
			buildSettings = {
				ALWAYS_SEARCH_USER_PATHS = NO;
				CLANG_CXX_LANGUAGE_STANDARD = "gnu++0x";
				CLANG_CXX_LIBRARY = "libc++";
				CLANG_ENABLE_MODULES = YES;
				CLANG_ENABLE_OBJC_ARC = YES;
				CLANG_WARN_BOOL_CONVERSION = YES;
				CLANG_WARN_CONSTANT_CONVERSION = YES;
				CLANG_WARN_DIRECT_OBJC_ISA_USAGE = YES_ERROR;
				CLANG_WARN_EMPTY_BODY = YES;
				CLANG_WARN_ENUM_CONVERSION = YES;
				CLANG_WARN_INT_CONVERSION = YES;
				CLANG_WARN_OBJC_ROOT_CLASS = YES_ERROR;
				CLANG_WARN_UNREACHABLE_CODE = YES;
				CLANG_WARN__DUPLICATE_METHOD_MATCH = YES;
				"CODE_SIGN_IDENTITY[sdk=iphoneos*]" = "iPhone Developer";
				COPY_PHASE_STRIP = NO;
				ENABLE_STRICT_OBJC_MSGSEND = YES;
				GCC_C_LANGUAGE_STANDARD = gnu99;
				GCC_DYNAMIC_NO_PIC = NO;
				GCC_OPTIMIZATION_LEVEL = 0;
				GCC_PREPROCESSOR_DEFINITIONS = (
					"DEBUG=1",
					"$(inherited)",
				);
				GCC_SYMBOLS_PRIVATE_EXTERN = NO;
				GCC_WARN_64_TO_32_BIT_CONVERSION = YES;
				GCC_WARN_ABOUT_RETURN_TYPE = YES_ERROR;
				GCC_WARN_UNDECLARED_SELECTOR = YES;
				GCC_WARN_UNINITIALIZED_AUTOS = YES_AGGRESSIVE;
				GCC_WARN_UNUSED_FUNCTION = YES;
				GCC_WARN_UNUSED_VARIABLE = YES;
				IPHONEOS_DEPLOYMENT_TARGET = 8.1;
				MTL_ENABLE_DEBUG_INFO = YES;
				ONLY_ACTIVE_ARCH = YES;
				SDKROOT = iphoneos;
				SWIFT_OPTIMIZATION_LEVEL = "-Onone";
			};
			name = Debug;
		};
		235EAB801A3847700058395D /* Release */ = {
			isa = XCBuildConfiguration;
			buildSettings = {
				ALWAYS_SEARCH_USER_PATHS = NO;
				CLANG_CXX_LANGUAGE_STANDARD = "gnu++0x";
				CLANG_CXX_LIBRARY = "libc++";
				CLANG_ENABLE_MODULES = YES;
				CLANG_ENABLE_OBJC_ARC = YES;
				CLANG_WARN_BOOL_CONVERSION = YES;
				CLANG_WARN_CONSTANT_CONVERSION = YES;
				CLANG_WARN_DIRECT_OBJC_ISA_USAGE = YES_ERROR;
				CLANG_WARN_EMPTY_BODY = YES;
				CLANG_WARN_ENUM_CONVERSION = YES;
				CLANG_WARN_INT_CONVERSION = YES;
				CLANG_WARN_OBJC_ROOT_CLASS = YES_ERROR;
				CLANG_WARN_UNREACHABLE_CODE = YES;
				CLANG_WARN__DUPLICATE_METHOD_MATCH = YES;
				"CODE_SIGN_IDENTITY[sdk=iphoneos*]" = "iPhone Developer";
				COPY_PHASE_STRIP = YES;
				ENABLE_NS_ASSERTIONS = NO;
				ENABLE_STRICT_OBJC_MSGSEND = YES;
				GCC_C_LANGUAGE_STANDARD = gnu99;
				GCC_WARN_64_TO_32_BIT_CONVERSION = YES;
				GCC_WARN_ABOUT_RETURN_TYPE = YES_ERROR;
				GCC_WARN_UNDECLARED_SELECTOR = YES;
				GCC_WARN_UNINITIALIZED_AUTOS = YES_AGGRESSIVE;
				GCC_WARN_UNUSED_FUNCTION = YES;
				GCC_WARN_UNUSED_VARIABLE = YES;
				IPHONEOS_DEPLOYMENT_TARGET = 8.1;
				MTL_ENABLE_DEBUG_INFO = NO;
				SDKROOT = iphoneos;
				VALIDATE_PRODUCT = YES;
			};
			name = Release;
		};
		235EAB821A3847700058395D /* Debug */ = {
			isa = XCBuildConfiguration;
			buildSettings = {
				ASSETCATALOG_COMPILER_APPICON_NAME = AppIcon;
				INFOPLIST_FILE = cs10/Info.plist;
				LD_RUNPATH_SEARCH_PATHS = "$(inherited) @executable_path/Frameworks";
				PRODUCT_NAME = "$(TARGET_NAME)";
			};
			name = Debug;
		};
		235EAB831A3847700058395D /* Release */ = {
			isa = XCBuildConfiguration;
			buildSettings = {
				ASSETCATALOG_COMPILER_APPICON_NAME = AppIcon;
				INFOPLIST_FILE = cs10/Info.plist;
				LD_RUNPATH_SEARCH_PATHS = "$(inherited) @executable_path/Frameworks";
				PRODUCT_NAME = "$(TARGET_NAME)";
			};
			name = Release;
		};
		235EAB851A3847700058395D /* Debug */ = {
			isa = XCBuildConfiguration;
			buildSettings = {
				BUNDLE_LOADER = "$(TEST_HOST)";
				FRAMEWORK_SEARCH_PATHS = (
					"$(SDKROOT)/Developer/Library/Frameworks",
					"$(inherited)",
				);
				GCC_PREPROCESSOR_DEFINITIONS = (
					"DEBUG=1",
					"$(inherited)",
				);
				INFOPLIST_FILE = cs10Tests/Info.plist;
				LD_RUNPATH_SEARCH_PATHS = "$(inherited) @executable_path/Frameworks @loader_path/Frameworks";
				PRODUCT_NAME = "$(TARGET_NAME)";
				TEST_HOST = "$(BUILT_PRODUCTS_DIR)/cs10.app/cs10";
			};
			name = Debug;
		};
		235EAB861A3847700058395D /* Release */ = {
			isa = XCBuildConfiguration;
			buildSettings = {
				BUNDLE_LOADER = "$(TEST_HOST)";
				FRAMEWORK_SEARCH_PATHS = (
					"$(SDKROOT)/Developer/Library/Frameworks",
					"$(inherited)",
				);
				INFOPLIST_FILE = cs10Tests/Info.plist;
				LD_RUNPATH_SEARCH_PATHS = "$(inherited) @executable_path/Frameworks @loader_path/Frameworks";
				PRODUCT_NAME = "$(TARGET_NAME)";
				TEST_HOST = "$(BUILT_PRODUCTS_DIR)/cs10.app/cs10";
			};
			name = Release;
		};
/* End XCBuildConfiguration section */

/* Begin XCConfigurationList section */
		235EAB5D1A3847700058395D /* Build configuration list for PBXProject "cs10" */ = {
			isa = XCConfigurationList;
			buildConfigurations = (
				235EAB7F1A3847700058395D /* Debug */,
				235EAB801A3847700058395D /* Release */,
			);
			defaultConfigurationIsVisible = 0;
			defaultConfigurationName = Release;
		};
		235EAB811A3847700058395D /* Build configuration list for PBXNativeTarget "cs10" */ = {
			isa = XCConfigurationList;
			buildConfigurations = (
				235EAB821A3847700058395D /* Debug */,
				235EAB831A3847700058395D /* Release */,
			);
			defaultConfigurationIsVisible = 0;
		};
		235EAB841A3847700058395D /* Build configuration list for PBXNativeTarget "cs10Tests" */ = {
			isa = XCConfigurationList;
			buildConfigurations = (
				235EAB851A3847700058395D /* Debug */,
				235EAB861A3847700058395D /* Release */,
			);
			defaultConfigurationIsVisible = 0;
		};
/* End XCConfigurationList section */
	};
	rootObject = 235EAB5A1A3847700058395D /* Project object */;
}
